// !$*UTF8*$!
{
	archiveVersion = 1;
	classes = {
	};
	objectVersion = 56;
	objects = {

/* Begin PBXBuildFile section */
		136623832B5DA209007D19D7 /* AppDelegate.swift in Sources */ = {isa = PBXBuildFile; fileRef = 136623822B5DA209007D19D7 /* AppDelegate.swift */; };
		136623852B5DA209007D19D7 /* SceneDelegate.swift in Sources */ = {isa = PBXBuildFile; fileRef = 136623842B5DA209007D19D7 /* SceneDelegate.swift */; };
		136623872B5DA209007D19D7 /* ViewController.swift in Sources */ = {isa = PBXBuildFile; fileRef = 136623862B5DA209007D19D7 /* ViewController.swift */; };
		1366238A2B5DA209007D19D7 /* Main.storyboard in Resources */ = {isa = PBXBuildFile; fileRef = 136623882B5DA209007D19D7 /* Main.storyboard */; };
		1366238D2B5DA209007D19D7 /* assigment1.xcdatamodeld in Sources */ = {isa = PBXBuildFile; fileRef = 1366238B2B5DA209007D19D7 /* assigment1.xcdatamodeld */; };
		1366238F2B5DA20A007D19D7 /* Assets.xcassets in Resources */ = {isa = PBXBuildFile; fileRef = 1366238E2B5DA20A007D19D7 /* Assets.xcassets */; };
		136623922B5DA20A007D19D7 /* LaunchScreen.storyboard in Resources */ = {isa = PBXBuildFile; fileRef = 136623902B5DA20A007D19D7 /* LaunchScreen.storyboard */; };
		1366239D2B5DA20A007D19D7 /* assigment1Tests.swift in Sources */ = {isa = PBXBuildFile; fileRef = 1366239C2B5DA20A007D19D7 /* assigment1Tests.swift */; };
		136623A72B5DA20A007D19D7 /* assigment1UITests.swift in Sources */ = {isa = PBXBuildFile; fileRef = 136623A62B5DA20A007D19D7 /* assigment1UITests.swift */; };
		136623A92B5DA20A007D19D7 /* assigment1UITestsLaunchTests.swift in Sources */ = {isa = PBXBuildFile; fileRef = 136623A82B5DA20A007D19D7 /* assigment1UITestsLaunchTests.swift */; };
/* End PBXBuildFile section */

/* Begin PBXContainerItemProxy section */
		136623992B5DA20A007D19D7 /* PBXContainerItemProxy */ = {
			isa = PBXContainerItemProxy;
			containerPortal = 136623772B5DA209007D19D7 /* Project object */;
			proxyType = 1;
			remoteGlobalIDString = 1366237E2B5DA209007D19D7;
			remoteInfo = assigment1;
		};
		136623A32B5DA20A007D19D7 /* PBXContainerItemProxy */ = {
			isa = PBXContainerItemProxy;
			containerPortal = 136623772B5DA209007D19D7 /* Project object */;
			proxyType = 1;
			remoteGlobalIDString = 1366237E2B5DA209007D19D7;
			remoteInfo = assigment1;
		};
/* End PBXContainerItemProxy section */

/* Begin PBXFileReference section */
		1366237F2B5DA209007D19D7 /* assigment1.app */ = {isa = PBXFileReference; explicitFileType = wrapper.application; includeInIndex = 0; path = assigment1.app; sourceTree = BUILT_PRODUCTS_DIR; };
		136623822B5DA209007D19D7 /* AppDelegate.swift */ = {isa = PBXFileReference; lastKnownFileType = sourcecode.swift; path = AppDelegate.swift; sourceTree = "<group>"; };
		136623842B5DA209007D19D7 /* SceneDelegate.swift */ = {isa = PBXFileReference; lastKnownFileType = sourcecode.swift; path = SceneDelegate.swift; sourceTree = "<group>"; };
		136623862B5DA209007D19D7 /* ViewController.swift */ = {isa = PBXFileReference; lastKnownFileType = sourcecode.swift; path = ViewController.swift; sourceTree = "<group>"; };
		136623892B5DA209007D19D7 /* Base */ = {isa = PBXFileReference; lastKnownFileType = file.storyboard; name = Base; path = Base.lproj/Main.storyboard; sourceTree = "<group>"; };
		1366238C2B5DA209007D19D7 /* assigment1.xcdatamodel */ = {isa = PBXFileReference; lastKnownFileType = wrapper.xcdatamodel; path = assigment1.xcdatamodel; sourceTree = "<group>"; };
		1366238E2B5DA20A007D19D7 /* Assets.xcassets */ = {isa = PBXFileReference; lastKnownFileType = folder.assetcatalog; path = Assets.xcassets; sourceTree = "<group>"; };
		136623912B5DA20A007D19D7 /* Base */ = {isa = PBXFileReference; lastKnownFileType = file.storyboard; name = Base; path = Base.lproj/LaunchScreen.storyboard; sourceTree = "<group>"; };
		136623932B5DA20A007D19D7 /* Info.plist */ = {isa = PBXFileReference; lastKnownFileType = text.plist.xml; path = Info.plist; sourceTree = "<group>"; };
		136623982B5DA20A007D19D7 /* assigment1Tests.xctest */ = {isa = PBXFileReference; explicitFileType = wrapper.cfbundle; includeInIndex = 0; path = assigment1Tests.xctest; sourceTree = BUILT_PRODUCTS_DIR; };
		1366239C2B5DA20A007D19D7 /* assigment1Tests.swift */ = {isa = PBXFileReference; lastKnownFileType = sourcecode.swift; path = assigment1Tests.swift; sourceTree = "<group>"; };
		136623A22B5DA20A007D19D7 /* assigment1UITests.xctest */ = {isa = PBXFileReference; explicitFileType = wrapper.cfbundle; includeInIndex = 0; path = assigment1UITests.xctest; sourceTree = BUILT_PRODUCTS_DIR; };
		136623A62B5DA20A007D19D7 /* assigment1UITests.swift */ = {isa = PBXFileReference; lastKnownFileType = sourcecode.swift; path = assigment1UITests.swift; sourceTree = "<group>"; };
		136623A82B5DA20A007D19D7 /* assigment1UITestsLaunchTests.swift */ = {isa = PBXFileReference; lastKnownFileType = sourcecode.swift; path = assigment1UITestsLaunchTests.swift; sourceTree = "<group>"; };
/* End PBXFileReference section */

/* Begin PBXFrameworksBuildPhase section */
		1366237C2B5DA209007D19D7 /* Frameworks */ = {
			isa = PBXFrameworksBuildPhase;
			buildActionMask = 2147483647;
			files = (
			);
			runOnlyForDeploymentPostprocessing = 0;
		};
		136623952B5DA20A007D19D7 /* Frameworks */ = {
			isa = PBXFrameworksBuildPhase;
			buildActionMask = 2147483647;
			files = (
			);
			runOnlyForDeploymentPostprocessing = 0;
		};
		1366239F2B5DA20A007D19D7 /* Frameworks */ = {
			isa = PBXFrameworksBuildPhase;
			buildActionMask = 2147483647;
			files = (
			);
			runOnlyForDeploymentPostprocessing = 0;
		};
/* End PBXFrameworksBuildPhase section */

/* Begin PBXGroup section */
		136623762B5DA209007D19D7 = {
			isa = PBXGroup;
			children = (
				136623812B5DA209007D19D7 /* assigment1 */,
				1366239B2B5DA20A007D19D7 /* assigment1Tests */,
				136623A52B5DA20A007D19D7 /* assigment1UITests */,
				136623802B5DA209007D19D7 /* Products */,
			);
			sourceTree = "<group>";
		};
		136623802B5DA209007D19D7 /* Products */ = {
			isa = PBXGroup;
			children = (
				1366237F2B5DA209007D19D7 /* assigment1.app */,
				136623982B5DA20A007D19D7 /* assigment1Tests.xctest */,
				136623A22B5DA20A007D19D7 /* assigment1UITests.xctest */,
			);
			name = Products;
			sourceTree = "<group>";
		};
		136623812B5DA209007D19D7 /* assigment1 */ = {
			isa = PBXGroup;
			children = (
				136623822B5DA209007D19D7 /* AppDelegate.swift */,
				136623842B5DA209007D19D7 /* SceneDelegate.swift */,
				136623862B5DA209007D19D7 /* ViewController.swift */,
				136623882B5DA209007D19D7 /* Main.storyboard */,
				1366238E2B5DA20A007D19D7 /* Assets.xcassets */,
				136623902B5DA20A007D19D7 /* LaunchScreen.storyboard */,
				136623932B5DA20A007D19D7 /* Info.plist */,
				1366238B2B5DA209007D19D7 /* assigment1.xcdatamodeld */,
			);
			path = assigment1;
			sourceTree = "<group>";
		};
		1366239B2B5DA20A007D19D7 /* assigment1Tests */ = {
			isa = PBXGroup;
			children = (
				1366239C2B5DA20A007D19D7 /* assigment1Tests.swift */,
			);
			path = assigment1Tests;
			sourceTree = "<group>";
		};
		136623A52B5DA20A007D19D7 /* assigment1UITests */ = {
			isa = PBXGroup;
			children = (
				136623A62B5DA20A007D19D7 /* assigment1UITests.swift */,
				136623A82B5DA20A007D19D7 /* assigment1UITestsLaunchTests.swift */,
			);
			path = assigment1UITests;
			sourceTree = "<group>";
		};
/* End PBXGroup section */

/* Begin PBXNativeTarget section */
		1366237E2B5DA209007D19D7 /* assigment1 */ = {
			isa = PBXNativeTarget;
			buildConfigurationList = 136623AC2B5DA20A007D19D7 /* Build configuration list for PBXNativeTarget "assigment1" */;
			buildPhases = (
				1366237B2B5DA209007D19D7 /* Sources */,
				1366237C2B5DA209007D19D7 /* Frameworks */,
				1366237D2B5DA209007D19D7 /* Resources */,
			);
			buildRules = (
			);
			dependencies = (
			);
			name = assigment1;
			productName = assigment1;
			productReference = 1366237F2B5DA209007D19D7 /* assigment1.app */;
			productType = "com.apple.product-type.application";
		};
		136623972B5DA20A007D19D7 /* assigment1Tests */ = {
			isa = PBXNativeTarget;
			buildConfigurationList = 136623AF2B5DA20A007D19D7 /* Build configuration list for PBXNativeTarget "assigment1Tests" */;
			buildPhases = (
				136623942B5DA20A007D19D7 /* Sources */,
				136623952B5DA20A007D19D7 /* Frameworks */,
				136623962B5DA20A007D19D7 /* Resources */,
			);
			buildRules = (
			);
			dependencies = (
				1366239A2B5DA20A007D19D7 /* PBXTargetDependency */,
			);
			name = assigment1Tests;
			productName = assigment1Tests;
			productReference = 136623982B5DA20A007D19D7 /* assigment1Tests.xctest */;
			productType = "com.apple.product-type.bundle.unit-test";
		};
		136623A12B5DA20A007D19D7 /* assigment1UITests */ = {
			isa = PBXNativeTarget;
			buildConfigurationList = 136623B22B5DA20A007D19D7 /* Build configuration list for PBXNativeTarget "assigment1UITests" */;
			buildPhases = (
				1366239E2B5DA20A007D19D7 /* Sources */,
				1366239F2B5DA20A007D19D7 /* Frameworks */,
				136623A02B5DA20A007D19D7 /* Resources */,
			);
			buildRules = (
			);
			dependencies = (
				136623A42B5DA20A007D19D7 /* PBXTargetDependency */,
			);
			name = assigment1UITests;
			productName = assigment1UITests;
			productReference = 136623A22B5DA20A007D19D7 /* assigment1UITests.xctest */;
			productType = "com.apple.product-type.bundle.ui-testing";
		};
/* End PBXNativeTarget section */

/* Begin PBXProject section */
		136623772B5DA209007D19D7 /* Project object */ = {
			isa = PBXProject;
			attributes = {
				BuildIndependentTargetsInParallel = 1;
				LastSwiftUpdateCheck = 1420;
				LastUpgradeCheck = 1420;
				TargetAttributes = {
					1366237E2B5DA209007D19D7 = {
						CreatedOnToolsVersion = 14.2;
					};
					136623972B5DA20A007D19D7 = {
						CreatedOnToolsVersion = 14.2;
						TestTargetID = 1366237E2B5DA209007D19D7;
					};
					136623A12B5DA20A007D19D7 = {
						CreatedOnToolsVersion = 14.2;
						TestTargetID = 1366237E2B5DA209007D19D7;
					};
				};
			};
			buildConfigurationList = 1366237A2B5DA209007D19D7 /* Build configuration list for PBXProject "assigment1" */;
			compatibilityVersion = "Xcode 14.0";
			developmentRegion = en;
			hasScannedForEncodings = 0;
			knownRegions = (
				en,
				Base,
			);
			mainGroup = 136623762B5DA209007D19D7;
			productRefGroup = 136623802B5DA209007D19D7 /* Products */;
			projectDirPath = "";
			projectRoot = "";
			targets = (
				1366237E2B5DA209007D19D7 /* assigment1 */,
				136623972B5DA20A007D19D7 /* assigment1Tests */,
				136623A12B5DA20A007D19D7 /* assigment1UITests */,
			);
		};
/* End PBXProject section */

/* Begin PBXResourcesBuildPhase section */
		1366237D2B5DA209007D19D7 /* Resources */ = {
			isa = PBXResourcesBuildPhase;
			buildActionMask = 2147483647;
			files = (
				136623922B5DA20A007D19D7 /* LaunchScreen.storyboard in Resources */,
				1366238F2B5DA20A007D19D7 /* Assets.xcassets in Resources */,
				1366238A2B5DA209007D19D7 /* Main.storyboard in Resources */,
			);
			runOnlyForDeploymentPostprocessing = 0;
		};
		136623962B5DA20A007D19D7 /* Resources */ = {
			isa = PBXResourcesBuildPhase;
			buildActionMask = 2147483647;
			files = (
			);
			runOnlyForDeploymentPostprocessing = 0;
		};
		136623A02B5DA20A007D19D7 /* Resources */ = {
			isa = PBXResourcesBuildPhase;
			buildActionMask = 2147483647;
			files = (
			);
			runOnlyForDeploymentPostprocessing = 0;
		};
/* End PBXResourcesBuildPhase section */

/* Begin PBXSourcesBuildPhase section */
		1366237B2B5DA209007D19D7 /* Sources */ = {
			isa = PBXSourcesBuildPhase;
			buildActionMask = 2147483647;
			files = (
				136623872B5DA209007D19D7 /* ViewController.swift in Sources */,
				136623832B5DA209007D19D7 /* AppDelegate.swift in Sources */,
				136623852B5DA209007D19D7 /* SceneDelegate.swift in Sources */,
				1366238D2B5DA209007D19D7 /* assigment1.xcdatamodeld in Sources */,
			);
			runOnlyForDeploymentPostprocessing = 0;
		};
		136623942B5DA20A007D19D7 /* Sources */ = {
			isa = PBXSourcesBuildPhase;
			buildActionMask = 2147483647;
			files = (
				1366239D2B5DA20A007D19D7 /* assigment1Tests.swift in Sources */,
			);
			runOnlyForDeploymentPostprocessing = 0;
		};
		1366239E2B5DA20A007D19D7 /* Sources */ = {
			isa = PBXSourcesBuildPhase;
			buildActionMask = 2147483647;
			files = (
				136623A92B5DA20A007D19D7 /* assigment1UITestsLaunchTests.swift in Sources */,
				136623A72B5DA20A007D19D7 /* assigment1UITests.swift in Sources */,
			);
			runOnlyForDeploymentPostprocessing = 0;
		};
/* End PBXSourcesBuildPhase section */

/* Begin PBXTargetDependency section */
		1366239A2B5DA20A007D19D7 /* PBXTargetDependency */ = {
			isa = PBXTargetDependency;
			target = 1366237E2B5DA209007D19D7 /* assigment1 */;
			targetProxy = 136623992B5DA20A007D19D7 /* PBXContainerItemProxy */;
		};
		136623A42B5DA20A007D19D7 /* PBXTargetDependency */ = {
			isa = PBXTargetDependency;
			target = 1366237E2B5DA209007D19D7 /* assigment1 */;
			targetProxy = 136623A32B5DA20A007D19D7 /* PBXContainerItemProxy */;
		};
/* End PBXTargetDependency section */

/* Begin PBXVariantGroup section */
		136623882B5DA209007D19D7 /* Main.storyboard */ = {
			isa = PBXVariantGroup;
			children = (
				136623892B5DA209007D19D7 /* Base */,
			);
			name = Main.storyboard;
			sourceTree = "<group>";
		};
		136623902B5DA20A007D19D7 /* LaunchScreen.storyboard */ = {
			isa = PBXVariantGroup;
			children = (
				136623912B5DA20A007D19D7 /* Base */,
			);
			name = LaunchScreen.storyboard;
			sourceTree = "<group>";
		};
/* End PBXVariantGroup section */

/* Begin XCBuildConfiguration section */
		136623AA2B5DA20A007D19D7 /* Debug */ = {
			isa = XCBuildConfiguration;
			buildSettings = {
				ALWAYS_SEARCH_USER_PATHS = NO;
				CLANG_ANALYZER_NONNULL = YES;
				CLANG_ANALYZER_NUMBER_OBJECT_CONVERSION = YES_AGGRESSIVE;
				CLANG_CXX_LANGUAGE_STANDARD = "gnu++20";
				CLANG_ENABLE_MODULES = YES;
				CLANG_ENABLE_OBJC_ARC = YES;
				CLANG_ENABLE_OBJC_WEAK = YES;
				CLANG_WARN_BLOCK_CAPTURE_AUTORELEASING = YES;
				CLANG_WARN_BOOL_CONVERSION = YES;
				CLANG_WARN_COMMA = YES;
				CLANG_WARN_CONSTANT_CONVERSION = YES;
				CLANG_WARN_DEPRECATED_OBJC_IMPLEMENTATIONS = YES;
				CLANG_WARN_DIRECT_OBJC_ISA_USAGE = YES_ERROR;
				CLANG_WARN_DOCUMENTATION_COMMENTS = YES;
				CLANG_WARN_EMPTY_BODY = YES;
				CLANG_WARN_ENUM_CONVERSION = YES;
				CLANG_WARN_INFINITE_RECURSION = YES;
				CLANG_WARN_INT_CONVERSION = YES;
				CLANG_WARN_NON_LITERAL_NULL_CONVERSION = YES;
				CLANG_WARN_OBJC_IMPLICIT_RETAIN_SELF = YES;
				CLANG_WARN_OBJC_LITERAL_CONVERSION = YES;
				CLANG_WARN_OBJC_ROOT_CLASS = YES_ERROR;
				CLANG_WARN_QUOTED_INCLUDE_IN_FRAMEWORK_HEADER = YES;
				CLANG_WARN_RANGE_LOOP_ANALYSIS = YES;
				CLANG_WARN_STRICT_PROTOTYPES = YES;
				CLANG_WARN_SUSPICIOUS_MOVE = YES;
				CLANG_WARN_UNGUARDED_AVAILABILITY = YES_AGGRESSIVE;
				CLANG_WARN_UNREACHABLE_CODE = YES;
				CLANG_WARN__DUPLICATE_METHOD_MATCH = YES;
				COPY_PHASE_STRIP = NO;
				DEBUG_INFORMATION_FORMAT = dwarf;
				ENABLE_STRICT_OBJC_MSGSEND = YES;
				ENABLE_TESTABILITY = YES;
				GCC_C_LANGUAGE_STANDARD = gnu11;
				GCC_DYNAMIC_NO_PIC = NO;
				GCC_NO_COMMON_BLOCKS = YES;
				GCC_OPTIMIZATION_LEVEL = 0;
				GCC_PREPROCESSOR_DEFINITIONS = (
					"DEBUG=1",
					"$(inherited)",
				);
				GCC_WARN_64_TO_32_BIT_CONVERSION = YES;
				GCC_WARN_ABOUT_RETURN_TYPE = YES_ERROR;
				GCC_WARN_UNDECLARED_SELECTOR = YES;
				GCC_WARN_UNINITIALIZED_AUTOS = YES_AGGRESSIVE;
				GCC_WARN_UNUSED_FUNCTION = YES;
				GCC_WARN_UNUSED_VARIABLE = YES;
				IPHONEOS_DEPLOYMENT_TARGET = 16.2;
				MTL_ENABLE_DEBUG_INFO = INCLUDE_SOURCE;
				MTL_FAST_MATH = YES;
				ONLY_ACTIVE_ARCH = YES;
				SDKROOT = iphoneos;
				SWIFT_ACTIVE_COMPILATION_CONDITIONS = DEBUG;
				SWIFT_OPTIMIZATION_LEVEL = "-Onone";
			};
			name = Debug;
		};
		136623AB2B5DA20A007D19D7 /* Release */ = {
			isa = XCBuildConfiguration;
			buildSettings = {
				ALWAYS_SEARCH_USER_PATHS = NO;
				CLANG_ANALYZER_NONNULL = YES;
				CLANG_ANALYZER_NUMBER_OBJECT_CONVERSION = YES_AGGRESSIVE;
				CLANG_CXX_LANGUAGE_STANDARD = "gnu++20";
				CLANG_ENABLE_MODULES = YES;
				CLANG_ENABLE_OBJC_ARC = YES;
				CLANG_ENABLE_OBJC_WEAK = YES;
				CLANG_WARN_BLOCK_CAPTURE_AUTORELEASING = YES;
				CLANG_WARN_BOOL_CONVERSION = YES;
				CLANG_WARN_COMMA = YES;
				CLANG_WARN_CONSTANT_CONVERSION = YES;
				CLANG_WARN_DEPRECATED_OBJC_IMPLEMENTATIONS = YES;
				CLANG_WARN_DIRECT_OBJC_ISA_USAGE = YES_ERROR;
				CLANG_WARN_DOCUMENTATION_COMMENTS = YES;
				CLANG_WARN_EMPTY_BODY = YES;
				CLANG_WARN_ENUM_CONVERSION = YES;
				CLANG_WARN_INFINITE_RECURSION = YES;
				CLANG_WARN_INT_CONVERSION = YES;
				CLANG_WARN_NON_LITERAL_NULL_CONVERSION = YES;
				CLANG_WARN_OBJC_IMPLICIT_RETAIN_SELF = YES;
				CLANG_WARN_OBJC_LITERAL_CONVERSION = YES;
				CLANG_WARN_OBJC_ROOT_CLASS = YES_ERROR;
				CLANG_WARN_QUOTED_INCLUDE_IN_FRAMEWORK_HEADER = YES;
				CLANG_WARN_RANGE_LOOP_ANALYSIS = YES;
				CLANG_WARN_STRICT_PROTOTYPES = YES;
				CLANG_WARN_SUSPICIOUS_MOVE = YES;
				CLANG_WARN_UNGUARDED_AVAILABILITY = YES_AGGRESSIVE;
				CLANG_WARN_UNREACHABLE_CODE = YES;
				CLANG_WARN__DUPLICATE_METHOD_MATCH = YES;
				COPY_PHASE_STRIP = NO;
				DEBUG_INFORMATION_FORMAT = "dwarf-with-dsym";
				ENABLE_NS_ASSERTIONS = NO;
				ENABLE_STRICT_OBJC_MSGSEND = YES;
				GCC_C_LANGUAGE_STANDARD = gnu11;
				GCC_NO_COMMON_BLOCKS = YES;
				GCC_WARN_64_TO_32_BIT_CONVERSION = YES;
				GCC_WARN_ABOUT_RETURN_TYPE = YES_ERROR;
				GCC_WARN_UNDECLARED_SELECTOR = YES;
				GCC_WARN_UNINITIALIZED_AUTOS = YES_AGGRESSIVE;
				GCC_WARN_UNUSED_FUNCTION = YES;
				GCC_WARN_UNUSED_VARIABLE = YES;
				IPHONEOS_DEPLOYMENT_TARGET = 16.2;
				MTL_ENABLE_DEBUG_INFO = NO;
				MTL_FAST_MATH = YES;
				SDKROOT = iphoneos;
				SWIFT_COMPILATION_MODE = wholemodule;
				SWIFT_OPTIMIZATION_LEVEL = "-O";
				VALIDATE_PRODUCT = YES;
			};
			name = Release;
		};
		136623AD2B5DA20A007D19D7 /* Debug */ = {
			isa = XCBuildConfiguration;
			buildSettings = {
				ASSETCATALOG_COMPILER_APPICON_NAME = AppIcon;
				ASSETCATALOG_COMPILER_GLOBAL_ACCENT_COLOR_NAME = AccentColor;
				CODE_SIGN_STYLE = Automatic;
				CURRENT_PROJECT_VERSION = 1;
				DEVELOPMENT_TEAM = 2Z9KHW826T;
				GENERATE_INFOPLIST_FILE = YES;
				INFOPLIST_FILE = assigment1/Info.plist;
				INFOPLIST_KEY_UIApplicationSupportsIndirectInputEvents = YES;
				INFOPLIST_KEY_UILaunchStoryboardName = LaunchScreen;
				INFOPLIST_KEY_UIMainStoryboardFile = Main;
				INFOPLIST_KEY_UISupportedInterfaceOrientations_iPad = "UIInterfaceOrientationPortrait UIInterfaceOrientationPortraitUpsideDown UIInterfaceOrientationLandscapeLeft UIInterfaceOrientationLandscapeRight";
				INFOPLIST_KEY_UISupportedInterfaceOrientations_iPhone = "UIInterfaceOrientationPortrait UIInterfaceOrientationLandscapeLeft UIInterfaceOrientationLandscapeRight";
				LD_RUNPATH_SEARCH_PATHS = (
					"$(inherited)",
					"@executable_path/Frameworks",
				);
				MARKETING_VERSION = 1.0;
				PRODUCT_BUNDLE_IDENTIFIER = com.cherryl.assigment1;
				PRODUCT_NAME = "$(TARGET_NAME)";
				SWIFT_EMIT_LOC_STRINGS = YES;
				SWIFT_VERSION = 5.0;
				TARGETED_DEVICE_FAMILY = "1,2";
			};
			name = Debug;
		};
		136623AE2B5DA20A007D19D7 /* Release */ = {
			isa = XCBuildConfiguration;
			buildSettings = {
				ASSETCATALOG_COMPILER_APPICON_NAME = AppIcon;
				ASSETCATALOG_COMPILER_GLOBAL_ACCENT_COLOR_NAME = AccentColor;
				CODE_SIGN_STYLE = Automatic;
				CURRENT_PROJECT_VERSION = 1;
				DEVELOPMENT_TEAM = 2Z9KHW826T;
				GENERATE_INFOPLIST_FILE = YES;
				INFOPLIST_FILE = assigment1/Info.plist;
				INFOPLIST_KEY_UIApplicationSupportsIndirectInputEvents = YES;
				INFOPLIST_KEY_UILaunchStoryboardName = LaunchScreen;
				INFOPLIST_KEY_UIMainStoryboardFile = Main;
				INFOPLIST_KEY_UISupportedInterfaceOrientations_iPad = "UIInterfaceOrientationPortrait UIInterfaceOrientationPortraitUpsideDown UIInterfaceOrientationLandscapeLeft UIInterfaceOrientationLandscapeRight";
				INFOPLIST_KEY_UISupportedInterfaceOrientations_iPhone = "UIInterfaceOrientationPortrait UIInterfaceOrientationLandscapeLeft UIInterfaceOrientationLandscapeRight";
				LD_RUNPATH_SEARCH_PATHS = (
					"$(inherited)",
					"@executable_path/Frameworks",
				);
				MARKETING_VERSION = 1.0;
				PRODUCT_BUNDLE_IDENTIFIER = com.cherryl.assigment1;
				PRODUCT_NAME = "$(TARGET_NAME)";
				SWIFT_EMIT_LOC_STRINGS = YES;
				SWIFT_VERSION = 5.0;
				TARGETED_DEVICE_FAMILY = "1,2";
			};
			name = Release;
		};
		136623B02B5DA20A007D19D7 /* Debug */ = {
			isa = XCBuildConfiguration;
			buildSettings = {
				ALWAYS_EMBED_SWIFT_STANDARD_LIBRARIES = YES;
				BUNDLE_LOADER = "$(TEST_HOST)";
				CODE_SIGN_STYLE = Automatic;
				CURRENT_PROJECT_VERSION = 1;
				DEVELOPMENT_TEAM = 2Z9KHW826T;
				GENERATE_INFOPLIST_FILE = YES;
				IPHONEOS_DEPLOYMENT_TARGET = 16.2;
				MARKETING_VERSION = 1.0;
				PRODUCT_BUNDLE_IDENTIFIER = com.cherryl.assigment1Tests;
				PRODUCT_NAME = "$(TARGET_NAME)";
				SWIFT_EMIT_LOC_STRINGS = NO;
				SWIFT_VERSION = 5.0;
				TARGETED_DEVICE_FAMILY = "1,2";
				TEST_HOST = "$(BUILT_PRODUCTS_DIR)/assigment1.app/$(BUNDLE_EXECUTABLE_FOLDER_PATH)/assigment1";
			};
			name = Debug;
		};
		136623B12B5DA20A007D19D7 /* Release */ = {
			isa = XCBuildConfiguration;
			buildSettings = {
				ALWAYS_EMBED_SWIFT_STANDARD_LIBRARIES = YES;
				BUNDLE_LOADER = "$(TEST_HOST)";
				CODE_SIGN_STYLE = Automatic;
				CURRENT_PROJECT_VERSION = 1;
				DEVELOPMENT_TEAM = 2Z9KHW826T;
				GENERATE_INFOPLIST_FILE = YES;
				IPHONEOS_DEPLOYMENT_TARGET = 16.2;
				MARKETING_VERSION = 1.0;
				PRODUCT_BUNDLE_IDENTIFIER = com.cherryl.assigment1Tests;
				PRODUCT_NAME = "$(TARGET_NAME)";
				SWIFT_EMIT_LOC_STRINGS = NO;
				SWIFT_VERSION = 5.0;
				TARGETED_DEVICE_FAMILY = "1,2";
				TEST_HOST = "$(BUILT_PRODUCTS_DIR)/assigment1.app/$(BUNDLE_EXECUTABLE_FOLDER_PATH)/assigment1";
			};
			name = Release;
		};
		136623B32B5DA20A007D19D7 /* Debug */ = {
			isa = XCBuildConfiguration;
			buildSettings = {
				ALWAYS_EMBED_SWIFT_STANDARD_LIBRARIES = YES;
				CODE_SIGN_STYLE = Automatic;
				CURRENT_PROJECT_VERSION = 1;
				DEVELOPMENT_TEAM = 2Z9KHW826T;
				GENERATE_INFOPLIST_FILE = YES;
				MARKETING_VERSION = 1.0;
				PRODUCT_BUNDLE_IDENTIFIER = com.cherryl.assigment1UITests;
				PRODUCT_NAME = "$(TARGET_NAME)";
				SWIFT_EMIT_LOC_STRINGS = NO;
				SWIFT_VERSION = 5.0;
				TARGETED_DEVICE_FAMILY = "1,2";
				TEST_TARGET_NAME = assigment1;
			};
			name = Debug;
		};
		136623B42B5DA20A007D19D7 /* Release */ = {
			isa = XCBuildConfiguration;
			buildSettings = {
				ALWAYS_EMBED_SWIFT_STANDARD_LIBRARIES = YES;
				CODE_SIGN_STYLE = Automatic;
				CURRENT_PROJECT_VERSION = 1;
				DEVELOPMENT_TEAM = 2Z9KHW826T;
				GENERATE_INFOPLIST_FILE = YES;
				MARKETING_VERSION = 1.0;
				PRODUCT_BUNDLE_IDENTIFIER = com.cherryl.assigment1UITests;
				PRODUCT_NAME = "$(TARGET_NAME)";
				SWIFT_EMIT_LOC_STRINGS = NO;
				SWIFT_VERSION = 5.0;
				TARGETED_DEVICE_FAMILY = "1,2";
				TEST_TARGET_NAME = assigment1;
			};
			name = Release;
		};
/* End XCBuildConfiguration section */

/* Begin XCConfigurationList section */
		1366237A2B5DA209007D19D7 /* Build configuration list for PBXProject "assigment1" */ = {
			isa = XCConfigurationList;
			buildConfigurations = (
				136623AA2B5DA20A007D19D7 /* Debug */,
				136623AB2B5DA20A007D19D7 /* Release */,
			);
			defaultConfigurationIsVisible = 0;
			defaultConfigurationName = Release;
		};
		136623AC2B5DA20A007D19D7 /* Build configuration list for PBXNativeTarget "assigment1" */ = {
			isa = XCConfigurationList;
			buildConfigurations = (
				136623AD2B5DA20A007D19D7 /* Debug */,
				136623AE2B5DA20A007D19D7 /* Release */,
			);
			defaultConfigurationIsVisible = 0;
			defaultConfigurationName = Release;
		};
		136623AF2B5DA20A007D19D7 /* Build configuration list for PBXNativeTarget "assigment1Tests" */ = {
			isa = XCConfigurationList;
			buildConfigurations = (
				136623B02B5DA20A007D19D7 /* Debug */,
				136623B12B5DA20A007D19D7 /* Release */,
			);
			defaultConfigurationIsVisible = 0;
			defaultConfigurationName = Release;
		};
		136623B22B5DA20A007D19D7 /* Build configuration list for PBXNativeTarget "assigment1UITests" */ = {
			isa = XCConfigurationList;
			buildConfigurations = (
				136623B32B5DA20A007D19D7 /* Debug */,
				136623B42B5DA20A007D19D7 /* Release */,
			);
			defaultConfigurationIsVisible = 0;
			defaultConfigurationName = Release;
		};
/* End XCConfigurationList section */

/* Begin XCVersionGroup section */
		1366238B2B5DA209007D19D7 /* assigment1.xcdatamodeld */ = {
			isa = XCVersionGroup;
			children = (
				1366238C2B5DA209007D19D7 /* assigment1.xcdatamodel */,
			);
			currentVersion = 1366238C2B5DA209007D19D7 /* assigment1.xcdatamodel */;
			path = assigment1.xcdatamodeld;
			sourceTree = "<group>";
			versionGroupType = wrapper.xcdatamodel;
		};
/* End XCVersionGroup section */
	};
	rootObject = 136623772B5DA209007D19D7 /* Project object */;
}
